
Microsoft Visual Studio Solution File, Format Version 12.00
# Visual Studio Version 17
VisualStudioVersion = 17.0.31903.59
MinimumVisualStudioVersion = 10.0.40219.1
Project("{FAE04EC0-301F-11D3-BF4B-00C04F79EFBC}") = "API", "API\API.csproj", "{2E4E83F3-01F0-4A9F-BE2B-C892C91CC640}"
EndProject
Project("{FAE04EC0-301F-11D3-BF4B-00C04F79EFBC}") = "Core", "Core\Core.csproj", "{CAEAB13F-E411-46FD-86EE-BCF6E6F41458}"
EndProject
Project("{FAE04EC0-301F-11D3-BF4B-00C04F79EFBC}") = "Infrastructure", "Infrastructure\Infrastructure.csproj", "{333478ED-0B90-4EA6-9079-03774D61AEDA}"
EndProject
Global
	GlobalSection(SolutionConfigurationPlatforms) = preSolution
		Debug|Any CPU = Debug|Any CPU
		Release|Any CPU = Release|Any CPU
	EndGlobalSection
	GlobalSection(SolutionProperties) = preSolution
		HideSolutionNode = FALSE
	EndGlobalSection
	GlobalSection(ProjectConfigurationPlatforms) = postSolution
		{2E4E83F3-01F0-4A9F-BE2B-C892C91CC640}.Debug|Any CPU.ActiveCfg = Debug|Any CPU
		{2E4E83F3-01F0-4A9F-BE2B-C892C91CC640}.Debug|Any CPU.Build.0 = Debug|Any CPU
		{2E4E83F3-01F0-4A9F-BE2B-C892C91CC640}.Release|Any CPU.ActiveCfg = Release|Any CPU
		{2E4E83F3-01F0-4A9F-BE2B-C892C91CC640}.Release|Any CPU.Build.0 = Release|Any CPU
		{CAEAB13F-E411-46FD-86EE-BCF6E6F41458}.Debug|Any CPU.ActiveCfg = Debug|Any CPU
		{CAEAB13F-E411-46FD-86EE-BCF6E6F41458}.Debug|Any CPU.Build.0 = Debug|Any CPU
		{CAEAB13F-E411-46FD-86EE-BCF6E6F41458}.Release|Any CPU.ActiveCfg = Release|Any CPU
		{CAEAB13F-E411-46FD-86EE-BCF6E6F41458}.Release|Any CPU.Build.0 = Release|Any CPU
		{333478ED-0B90-4EA6-9079-03774D61AEDA}.Debug|Any CPU.ActiveCfg = Debug|Any CPU
		{333478ED-0B90-4EA6-9079-03774D61AEDA}.Debug|Any CPU.Build.0 = Debug|Any CPU
		{333478ED-0B90-4EA6-9079-03774D61AEDA}.Release|Any CPU.ActiveCfg = Release|Any CPU
		{333478ED-0B90-4EA6-9079-03774D61AEDA}.Release|Any CPU.Build.0 = Release|Any CPU
	EndGlobalSection
EndGlobal
